
Microsoft Visual Studio Solution File, Format Version 12.00
# Visual Studio 14
VisualStudioVersion = 14.0.23107.0
MinimumVisualStudioVersion = 10.0.40219.1
Project("{8BC9CEB8-8B4A-11D0-8D11-00A0C91BC942}") = "GAMazeSolverIoT", "GAMazeSolverIoT\GAMazeSolverIoT.vcxproj", "{D1C83021-D658-42AE-B1CC-7E4903BDF26F}"
	ProjectSection(ProjectDependencies) = postProject
		{CCF5C967-E3AF-4EC2-A3F4-59329AE95062} = {CCF5C967-E3AF-4EC2-A3F4-59329AE95062}
	EndProjectSection
EndProject
Project("{8BC9CEB8-8B4A-11D0-8D11-00A0C91BC942}") = "GASolver", "GASolver\GASolver.vcxproj", "{CCF5C967-E3AF-4EC2-A3F4-59329AE95062}"
EndProject
Global
	GlobalSection(SolutionConfigurationPlatforms) = preSolution
		Debug|ARM = Debug|ARM
		Debug|x64 = Debug|x64
		Debug|x86 = Debug|x86
		Release|ARM = Release|ARM
		Release|x64 = Release|x64
		Release|x86 = Release|x86
	EndGlobalSection
	GlobalSection(ProjectConfigurationPlatforms) = postSolution
		{D1C83021-D658-42AE-B1CC-7E4903BDF26F}.Debug|ARM.ActiveCfg = Debug|ARM
		{D1C83021-D658-42AE-B1CC-7E4903BDF26F}.Debug|ARM.Build.0 = Debug|ARM
		{D1C83021-D658-42AE-B1CC-7E4903BDF26F}.Debug|ARM.Deploy.0 = Debug|ARM
		{D1C83021-D658-42AE-B1CC-7E4903BDF26F}.Debug|x64.ActiveCfg = Debug|x64
		{D1C83021-D658-42AE-B1CC-7E4903BDF26F}.Debug|x64.Build.0 = Debug|x64
		{D1C83021-D658-42AE-B1CC-7E4903BDF26F}.Debug|x64.Deploy.0 = Debug|x64
		{D1C83021-D658-42AE-B1CC-7E4903BDF26F}.Debug|x86.ActiveCfg = Debug|Win32
		{D1C83021-D658-42AE-B1CC-7E4903BDF26F}.Debug|x86.Build.0 = Debug|Win32
		{D1C83021-D658-42AE-B1CC-7E4903BDF26F}.Debug|x86.Deploy.0 = Debug|Win32
		{D1C83021-D658-42AE-B1CC-7E4903BDF26F}.Release|ARM.ActiveCfg = Release|ARM
		{D1C83021-D658-42AE-B1CC-7E4903BDF26F}.Release|ARM.Build.0 = Release|ARM
		{D1C83021-D658-42AE-B1CC-7E4903BDF26F}.Release|ARM.Deploy.0 = Release|ARM
		{D1C83021-D658-42AE-B1CC-7E4903BDF26F}.Release|x64.ActiveCfg = Release|x64
		{D1C83021-D658-42AE-B1CC-7E4903BDF26F}.Release|x64.Build.0 = Release|x64
		{D1C83021-D658-42AE-B1CC-7E4903BDF26F}.Release|x64.Deploy.0 = Release|x64
		{D1C83021-D658-42AE-B1CC-7E4903BDF26F}.Release|x86.ActiveCfg = Release|Win32
		{D1C83021-D658-42AE-B1CC-7E4903BDF26F}.Release|x86.Build.0 = Release|Win32
		{D1C83021-D658-42AE-B1CC-7E4903BDF26F}.Release|x86.Deploy.0 = Release|Win32
		{CCF5C967-E3AF-4EC2-A3F4-59329AE95062}.Debug|ARM.ActiveCfg = Debug|Win32
		{CCF5C967-E3AF-4EC2-A3F4-59329AE95062}.Debug|x64.ActiveCfg = Debug|Win32
		{CCF5C967-E3AF-4EC2-A3F4-59329AE95062}.Debug|x86.ActiveCfg = Debug|Win32
		{CCF5C967-E3AF-4EC2-A3F4-59329AE95062}.Debug|x86.Build.0 = Debug|Win32
		{CCF5C967-E3AF-4EC2-A3F4-59329AE95062}.Release|ARM.ActiveCfg = Release|Win32
		{CCF5C967-E3AF-4EC2-A3F4-59329AE95062}.Release|x64.ActiveCfg = Release|Win32
		{CCF5C967-E3AF-4EC2-A3F4-59329AE95062}.Release|x86.ActiveCfg = Release|Win32
		{CCF5C967-E3AF-4EC2-A3F4-59329AE95062}.Release|x86.Build.0 = Release|Win32
	EndGlobalSection
	GlobalSection(SolutionProperties) = preSolution
		HideSolutionNode = FALSE
	EndGlobalSection
EndGlobal
